
Microsoft Visual Studio Solution File, Format Version 12.00
# Visual Studio 15
VisualStudioVersion = 15.0.28010.2003
MinimumVisualStudioVersion = 10.0.40219.1
Project("{FAE04EC0-301F-11D3-BF4B-00C04F79EFBC}") = "PCS.API", "PCS.API\PCS.API.csproj", "{59604E93-86F4-4849-B68D-4543AC870E99}"
EndProject
Project("{FAE04EC0-301F-11D3-BF4B-00C04F79EFBC}") = "PCS.EFMODEL", "PCS.EFMODEL\PCS.EFMODEL.csproj", "{062CFD52-08AA-4E60-B2E5-2FF214977178}"
EndProject
Project("{FAE04EC0-301F-11D3-BF4B-00C04F79EFBC}") = "PCS.BusinessManager", "PCS.BusinessManager\PCS.BusinessManager.csproj", "{54701FD6-FF8B-49EE-B204-BFDF0FF260F0}"
EndProject
Project("{FAE04EC0-301F-11D3-BF4B-00C04F79EFBC}") = "PCS.DAO", "PCS.DAO\PCS.DAO.csproj", "{4E5D49B3-6ED4-4CB4-8ED0-4E385F5508EC}"
EndProject
Project("{FAE04EC0-301F-11D3-BF4B-00C04F79EFBC}") = "PCS.Filter", "PCS.Filter\PCS.Filter.csproj", "{D7275373-192C-4E0D-BF82-4157FFB146D3}"
EndProject
Project("{FAE04EC0-301F-11D3-BF4B-00C04F79EFBC}") = "PCS.GetManager", "PCS.GetManager\PCS.GetManager.csproj", "{D2EF6794-D4E5-4380-9A96-217FE7AE3546}"
EndProject
Project("{FAE04EC0-301F-11D3-BF4B-00C04F79EFBC}") = "PCS.LibraryBug", "PCS.LibraryBug\PCS.LibraryBug.csproj", "{AA9D0941-8894-4A2D-89CB-8B49EF8AECC8}"
EndProject
Project("{FAE04EC0-301F-11D3-BF4B-00C04F79EFBC}") = "PCS.LibraryMessage", "PCS.LibraryMessage\PCS.LibraryMessage.csproj", "{FF354C10-B482-4698-8CD0-73BE48BD281C}"
EndProject
Project("{FAE04EC0-301F-11D3-BF4B-00C04F79EFBC}") = "PCS.UTILITY", "PCS.UTILITY\PCS.UTILITY.csproj", "{E1F26085-2144-4189-9E49-1641626673B0}"
EndProject
Project("{FAE04EC0-301F-11D3-BF4B-00C04F79EFBC}") = "PCS.SDO", "PCS.SDO\PCS.SDO.csproj", "{B59EFA66-ADB9-4D8D-9F15-9BCBE31CEC2D}"
EndProject
Project("{FAE04EC0-301F-11D3-BF4B-00C04F79EFBC}") = "PCS.URI", "PCS.URI\PCS.URI.csproj", "{A8738052-FE06-4D3A-8C61-C05B5C9B6FA5}"
EndProject
Global
	GlobalSection(SolutionConfigurationPlatforms) = preSolution
		Debug|Any CPU = Debug|Any CPU
		Release|Any CPU = Release|Any CPU
	EndGlobalSection
	GlobalSection(ProjectConfigurationPlatforms) = postSolution
		{59604E93-86F4-4849-B68D-4543AC870E99}.Debug|Any CPU.ActiveCfg = Debug|Any CPU
		{59604E93-86F4-4849-B68D-4543AC870E99}.Debug|Any CPU.Build.0 = Debug|Any CPU
		{59604E93-86F4-4849-B68D-4543AC870E99}.Release|Any CPU.ActiveCfg = Release|Any CPU
		{59604E93-86F4-4849-B68D-4543AC870E99}.Release|Any CPU.Build.0 = Release|Any CPU
		{062CFD52-08AA-4E60-B2E5-2FF214977178}.Debug|Any CPU.ActiveCfg = Debug|Any CPU
		{062CFD52-08AA-4E60-B2E5-2FF214977178}.Debug|Any CPU.Build.0 = Debug|Any CPU
		{062CFD52-08AA-4E60-B2E5-2FF214977178}.Release|Any CPU.ActiveCfg = Release|Any CPU
		{062CFD52-08AA-4E60-B2E5-2FF214977178}.Release|Any CPU.Build.0 = Release|Any CPU
		{54701FD6-FF8B-49EE-B204-BFDF0FF260F0}.Debug|Any CPU.ActiveCfg = Debug|Any CPU
		{54701FD6-FF8B-49EE-B204-BFDF0FF260F0}.Debug|Any CPU.Build.0 = Debug|Any CPU
		{54701FD6-FF8B-49EE-B204-BFDF0FF260F0}.Release|Any CPU.ActiveCfg = Release|Any CPU
		{54701FD6-FF8B-49EE-B204-BFDF0FF260F0}.Release|Any CPU.Build.0 = Release|Any CPU
		{4E5D49B3-6ED4-4CB4-8ED0-4E385F5508EC}.Debug|Any CPU.ActiveCfg = Debug|Any CPU
		{4E5D49B3-6ED4-4CB4-8ED0-4E385F5508EC}.Debug|Any CPU.Build.0 = Debug|Any CPU
		{4E5D49B3-6ED4-4CB4-8ED0-4E385F5508EC}.Release|Any CPU.ActiveCfg = Release|Any CPU
		{4E5D49B3-6ED4-4CB4-8ED0-4E385F5508EC}.Release|Any CPU.Build.0 = Release|Any CPU
		{D7275373-192C-4E0D-BF82-4157FFB146D3}.Debug|Any CPU.ActiveCfg = Debug|Any CPU
		{D7275373-192C-4E0D-BF82-4157FFB146D3}.Debug|Any CPU.Build.0 = Debug|Any CPU
		{D7275373-192C-4E0D-BF82-4157FFB146D3}.Release|Any CPU.ActiveCfg = Release|Any CPU
		{D7275373-192C-4E0D-BF82-4157FFB146D3}.Release|Any CPU.Build.0 = Release|Any CPU
		{D2EF6794-D4E5-4380-9A96-217FE7AE3546}.Debug|Any CPU.ActiveCfg = Debug|Any CPU
		{D2EF6794-D4E5-4380-9A96-217FE7AE3546}.Debug|Any CPU.Build.0 = Debug|Any CPU
		{D2EF6794-D4E5-4380-9A96-217FE7AE3546}.Release|Any CPU.ActiveCfg = Release|Any CPU
		{D2EF6794-D4E5-4380-9A96-217FE7AE3546}.Release|Any CPU.Build.0 = Release|Any CPU
		{AA9D0941-8894-4A2D-89CB-8B49EF8AECC8}.Debug|Any CPU.ActiveCfg = Debug|Any CPU
		{AA9D0941-8894-4A2D-89CB-8B49EF8AECC8}.Debug|Any CPU.Build.0 = Debug|Any CPU
		{AA9D0941-8894-4A2D-89CB-8B49EF8AECC8}.Release|Any CPU.ActiveCfg = Release|Any CPU
		{AA9D0941-8894-4A2D-89CB-8B49EF8AECC8}.Release|Any CPU.Build.0 = Release|Any CPU
		{FF354C10-B482-4698-8CD0-73BE48BD281C}.Debug|Any CPU.ActiveCfg = Debug|Any CPU
		{FF354C10-B482-4698-8CD0-73BE48BD281C}.Debug|Any CPU.Build.0 = Debug|Any CPU
		{FF354C10-B482-4698-8CD0-73BE48BD281C}.Release|Any CPU.ActiveCfg = Release|Any CPU
		{FF354C10-B482-4698-8CD0-73BE48BD281C}.Release|Any CPU.Build.0 = Release|Any CPU
		{E1F26085-2144-4189-9E49-1641626673B0}.Debug|Any CPU.ActiveCfg = Debug|Any CPU
		{E1F26085-2144-4189-9E49-1641626673B0}.Debug|Any CPU.Build.0 = Debug|Any CPU
		{E1F26085-2144-4189-9E49-1641626673B0}.Release|Any CPU.ActiveCfg = Release|Any CPU
		{E1F26085-2144-4189-9E49-1641626673B0}.Release|Any CPU.Build.0 = Release|Any CPU
		{B59EFA66-ADB9-4D8D-9F15-9BCBE31CEC2D}.Debug|Any CPU.ActiveCfg = Debug|Any CPU
		{B59EFA66-ADB9-4D8D-9F15-9BCBE31CEC2D}.Debug|Any CPU.Build.0 = Debug|Any CPU
		{B59EFA66-ADB9-4D8D-9F15-9BCBE31CEC2D}.Release|Any CPU.ActiveCfg = Release|Any CPU
		{B59EFA66-ADB9-4D8D-9F15-9BCBE31CEC2D}.Release|Any CPU.Build.0 = Release|Any CPU
		{A8738052-FE06-4D3A-8C61-C05B5C9B6FA5}.Debug|Any CPU.ActiveCfg = Debug|Any CPU
		{A8738052-FE06-4D3A-8C61-C05B5C9B6FA5}.Debug|Any CPU.Build.0 = Debug|Any CPU
		{A8738052-FE06-4D3A-8C61-C05B5C9B6FA5}.Release|Any CPU.ActiveCfg = Release|Any CPU
		{A8738052-FE06-4D3A-8C61-C05B5C9B6FA5}.Release|Any CPU.Build.0 = Release|Any CPU
	EndGlobalSection
	GlobalSection(SolutionProperties) = preSolution
		HideSolutionNode = FALSE
	EndGlobalSection
	GlobalSection(ExtensibilityGlobals) = postSolution
		SolutionGuid = {C422EF59-264E-4B35-AFF6-842A1AAD1780}
	EndGlobalSection
EndGlobal
