
Microsoft Visual Studio Solution File, Format Version 12.00
# Visual Studio 2012
Project("{FAE04EC0-301F-11D3-BF4B-00C04F79EFBC}") = "AAS.API", "AAS.API\AAS.API.csproj", "{4A26AB30-C5AE-43C9-8F7A-3B56FF8571AF}"
EndProject
Project("{FAE04EC0-301F-11D3-BF4B-00C04F79EFBC}") = "AAS.EFMODEL", "AAS.EFMODEL\AAS.EFMODEL.csproj", "{43FC4C38-AB5C-404D-8750-433FBFA8A0B0}"
EndProject
Project("{FAE04EC0-301F-11D3-BF4B-00C04F79EFBC}") = "AAS.DAO", "AAS.DAO\AAS.DAO.csproj", "{60A3076B-96B3-4783-8546-1F76D559151B}"
EndProject
Project("{FAE04EC0-301F-11D3-BF4B-00C04F79EFBC}") = "AAS.LibraryBug", "AAS.LibraryBug\AAS.LibraryBug.csproj", "{F3E00B67-5580-4087-91BC-C9E3046496BC}"
EndProject
Project("{FAE04EC0-301F-11D3-BF4B-00C04F79EFBC}") = "AAS.LibraryMessage", "AAS.LibraryMessage\AAS.LibraryMessage.csproj", "{E2546B0A-EAC4-4B87-9543-A951AE57AFF1}"
EndProject
Project("{FAE04EC0-301F-11D3-BF4B-00C04F79EFBC}") = "AAS.Filter", "AAS.Filter\AAS.Filter.csproj", "{8230CBCC-FDFD-476A-8628-D094A63C736A}"
EndProject
Project("{FAE04EC0-301F-11D3-BF4B-00C04F79EFBC}") = "AAS.GetManager", "AAS.GetManager\AAS.GetManager.csproj", "{1B522594-A3B5-4658-8E49-0E40CAD8A5E5}"
EndProject
Project("{FAE04EC0-301F-11D3-BF4B-00C04F79EFBC}") = "AAS.BusinessManager", "AAS.BusinessManager\AAS.BusinessManager.csproj", "{3399129D-67FB-4A49-80F6-73F1EADE1255}"
EndProject
Project("{FAE04EC0-301F-11D3-BF4B-00C04F79EFBC}") = "AAS.SDO", "AAS.SDO\AAS.SDO.csproj", "{F8185883-E312-425E-B847-3049B405DEE1}"
EndProject
Project("{FAE04EC0-301F-11D3-BF4B-00C04F79EFBC}") = "AAS.URI", "AAS.URI\AAS.URI.csproj", "{EA235497-CAEF-4F75-9FF1-9A75E7A8E342}"
EndProject
Project("{FAE04EC0-301F-11D3-BF4B-00C04F79EFBC}") = "AAS.Util", "AAS.Util\AAS.Util.csproj", "{96186057-A842-43A0-91CC-7C817886B906}"
EndProject
Global
	GlobalSection(SolutionConfigurationPlatforms) = preSolution
		Debug|Any CPU = Debug|Any CPU
		Release|Any CPU = Release|Any CPU
	EndGlobalSection
	GlobalSection(ProjectConfigurationPlatforms) = postSolution
		{4A26AB30-C5AE-43C9-8F7A-3B56FF8571AF}.Debug|Any CPU.ActiveCfg = Debug|Any CPU
		{4A26AB30-C5AE-43C9-8F7A-3B56FF8571AF}.Debug|Any CPU.Build.0 = Debug|Any CPU
		{4A26AB30-C5AE-43C9-8F7A-3B56FF8571AF}.Release|Any CPU.ActiveCfg = Release|Any CPU
		{4A26AB30-C5AE-43C9-8F7A-3B56FF8571AF}.Release|Any CPU.Build.0 = Release|Any CPU
		{43FC4C38-AB5C-404D-8750-433FBFA8A0B0}.Debug|Any CPU.ActiveCfg = Debug|Any CPU
		{43FC4C38-AB5C-404D-8750-433FBFA8A0B0}.Debug|Any CPU.Build.0 = Debug|Any CPU
		{43FC4C38-AB5C-404D-8750-433FBFA8A0B0}.Release|Any CPU.ActiveCfg = Release|Any CPU
		{43FC4C38-AB5C-404D-8750-433FBFA8A0B0}.Release|Any CPU.Build.0 = Release|Any CPU
		{60A3076B-96B3-4783-8546-1F76D559151B}.Debug|Any CPU.ActiveCfg = Debug|Any CPU
		{60A3076B-96B3-4783-8546-1F76D559151B}.Debug|Any CPU.Build.0 = Debug|Any CPU
		{60A3076B-96B3-4783-8546-1F76D559151B}.Release|Any CPU.ActiveCfg = Release|Any CPU
		{60A3076B-96B3-4783-8546-1F76D559151B}.Release|Any CPU.Build.0 = Release|Any CPU
		{F3E00B67-5580-4087-91BC-C9E3046496BC}.Debug|Any CPU.ActiveCfg = Debug|Any CPU
		{F3E00B67-5580-4087-91BC-C9E3046496BC}.Debug|Any CPU.Build.0 = Debug|Any CPU
		{F3E00B67-5580-4087-91BC-C9E3046496BC}.Release|Any CPU.ActiveCfg = Release|Any CPU
		{F3E00B67-5580-4087-91BC-C9E3046496BC}.Release|Any CPU.Build.0 = Release|Any CPU
		{E2546B0A-EAC4-4B87-9543-A951AE57AFF1}.Debug|Any CPU.ActiveCfg = Debug|Any CPU
		{E2546B0A-EAC4-4B87-9543-A951AE57AFF1}.Debug|Any CPU.Build.0 = Debug|Any CPU
		{E2546B0A-EAC4-4B87-9543-A951AE57AFF1}.Release|Any CPU.ActiveCfg = Release|Any CPU
		{E2546B0A-EAC4-4B87-9543-A951AE57AFF1}.Release|Any CPU.Build.0 = Release|Any CPU
		{8230CBCC-FDFD-476A-8628-D094A63C736A}.Debug|Any CPU.ActiveCfg = Debug|Any CPU
		{8230CBCC-FDFD-476A-8628-D094A63C736A}.Debug|Any CPU.Build.0 = Debug|Any CPU
		{8230CBCC-FDFD-476A-8628-D094A63C736A}.Release|Any CPU.ActiveCfg = Release|Any CPU
		{8230CBCC-FDFD-476A-8628-D094A63C736A}.Release|Any CPU.Build.0 = Release|Any CPU
		{1B522594-A3B5-4658-8E49-0E40CAD8A5E5}.Debug|Any CPU.ActiveCfg = Debug|Any CPU
		{1B522594-A3B5-4658-8E49-0E40CAD8A5E5}.Debug|Any CPU.Build.0 = Debug|Any CPU
		{1B522594-A3B5-4658-8E49-0E40CAD8A5E5}.Release|Any CPU.ActiveCfg = Release|Any CPU
		{1B522594-A3B5-4658-8E49-0E40CAD8A5E5}.Release|Any CPU.Build.0 = Release|Any CPU
		{3399129D-67FB-4A49-80F6-73F1EADE1255}.Debug|Any CPU.ActiveCfg = Debug|Any CPU
		{3399129D-67FB-4A49-80F6-73F1EADE1255}.Debug|Any CPU.Build.0 = Debug|Any CPU
		{3399129D-67FB-4A49-80F6-73F1EADE1255}.Release|Any CPU.ActiveCfg = Release|Any CPU
		{3399129D-67FB-4A49-80F6-73F1EADE1255}.Release|Any CPU.Build.0 = Release|Any CPU
		{F8185883-E312-425E-B847-3049B405DEE1}.Debug|Any CPU.ActiveCfg = Debug|Any CPU
		{F8185883-E312-425E-B847-3049B405DEE1}.Debug|Any CPU.Build.0 = Debug|Any CPU
		{F8185883-E312-425E-B847-3049B405DEE1}.Release|Any CPU.ActiveCfg = Release|Any CPU
		{F8185883-E312-425E-B847-3049B405DEE1}.Release|Any CPU.Build.0 = Release|Any CPU
		{EA235497-CAEF-4F75-9FF1-9A75E7A8E342}.Debug|Any CPU.ActiveCfg = Debug|Any CPU
		{EA235497-CAEF-4F75-9FF1-9A75E7A8E342}.Debug|Any CPU.Build.0 = Debug|Any CPU
		{EA235497-CAEF-4F75-9FF1-9A75E7A8E342}.Release|Any CPU.ActiveCfg = Release|Any CPU
		{EA235497-CAEF-4F75-9FF1-9A75E7A8E342}.Release|Any CPU.Build.0 = Release|Any CPU
		{96186057-A842-43A0-91CC-7C817886B906}.Debug|Any CPU.ActiveCfg = Debug|Any CPU
		{96186057-A842-43A0-91CC-7C817886B906}.Debug|Any CPU.Build.0 = Debug|Any CPU
		{96186057-A842-43A0-91CC-7C817886B906}.Release|Any CPU.ActiveCfg = Release|Any CPU
		{96186057-A842-43A0-91CC-7C817886B906}.Release|Any CPU.Build.0 = Release|Any CPU
	EndGlobalSection
	GlobalSection(SolutionProperties) = preSolution
		HideSolutionNode = FALSE
	EndGlobalSection
	GlobalSection(ExtensibilityGlobals) = postSolution
		SolutionGuid = {397EFBB9-007D-44DD-BBEE-20B389C31BEC}
	EndGlobalSection
EndGlobal
