
Microsoft Visual Studio Solution File, Format Version 12.00
# Visual Studio 15
VisualStudioVersion = 15.0.28010.2003
MinimumVisualStudioVersion = 10.0.40219.1
Project("{FAE04EC0-301F-11D3-BF4B-00C04F79EFBC}") = "AAA.APP", "AAA.APP\AAA.APP.csproj", "{27E61831-7FBF-4A1C-BBE4-372C1E3D04F0}"
EndProject
Project("{2150E333-8FDC-42A3-9474-1A3956D46DE8}") = "Plugins", "Plugins", "{BCE04F47-175E-48CC-B456-EB691C7C487B}"
EndProject
Project("{2150E333-8FDC-42A3-9474-1A3956D46DE8}") = "Common", "Common", "{ED91BF30-4353-4482-BD52-1C62FF12DB56}"
EndProject
Project("{FAE04EC0-301F-11D3-BF4B-00C04F79EFBC}") = "AAA.Plugin.AasUserCreate", "Plugins\AAA.Plugin.AasUserCreate\AAA.Plugin.AasUserCreate.csproj", "{B97EEE15-2F8C-453E-8DE4-04D4F3D51976}"
EndProject
Project("{FAE04EC0-301F-11D3-BF4B-00C04F79EFBC}") = "Common.Consumer", "Common\Common.Consumer\Common.Consumer.csproj", "{52AF4463-D6E1-442A-8D50-CA4AD6B4BC88}"
EndProject
Project("{FAE04EC0-301F-11D3-BF4B-00C04F79EFBC}") = "Common.Resource", "Common\Common.Resource\Common.Resource.csproj", "{BBE083D9-290F-433F-A582-43C99A61C8EF}"
EndProject
Project("{FAE04EC0-301F-11D3-BF4B-00C04F79EFBC}") = "Common.LibraryMessage", "Common\Common.LibraryMessage\Common.LibraryMessage.csproj", "{7B4774CE-989A-4C25-84CA-B4C32C6A3D20}"
EndProject
Project("{FAE04EC0-301F-11D3-BF4B-00C04F79EFBC}") = "Common.Utility", "Common\Common.Utility\Common.Utility.csproj", "{29A0ADA8-EDB8-4F0D-95AF-3BA3B02A04A4}"
EndProject
Project("{FAE04EC0-301F-11D3-BF4B-00C04F79EFBC}") = "AAA.Plugin.AasApplicationCreate", "Plugins\AAA.Plugin.AasApplicationCreate\AAA.Plugin.AasApplicationCreate.csproj", "{73B4FA12-FF51-4235-AED5-3B01DA0D70E8}"
EndProject
Project("{FAE04EC0-301F-11D3-BF4B-00C04F79EFBC}") = "AAA.Plugin.AasModuleCreate", "Plugins\AAA.Plugin.AasModuleCreate\AAA.Plugin.AasModuleCreate.csproj", "{C68ED9CD-9920-450D-A060-DB340E7566F0}"
EndProject
Project("{FAE04EC0-301F-11D3-BF4B-00C04F79EFBC}") = "AAA.Plugin.AasRoleCreate", "Plugins\AAA.Plugin.AasRoleCreate\AAA.Plugin.AasRoleCreate.csproj", "{6034F462-22C1-42E3-9E29-00C714891415}"
EndProject
Project("{FAE04EC0-301F-11D3-BF4B-00C04F79EFBC}") = "AAA.Plugin.AasUserList", "Plugins\AAA.Plugin.AasUserList\AAA.Plugin.AasUserList.csproj", "{273EC265-60BF-47BE-AB3B-A3B28A9747ED}"
EndProject
Project("{FAE04EC0-301F-11D3-BF4B-00C04F79EFBC}") = "DungLH.Util.Message", "..\..\..\Release\MyUtil\DungLH.Util.Message\DungLH.Util.Message.csproj", "{0C482882-D0B3-4B40-97DA-197D5D30D56C}"
EndProject
Global
	GlobalSection(SolutionConfigurationPlatforms) = preSolution
		Debug|Any CPU = Debug|Any CPU
		Release|Any CPU = Release|Any CPU
	EndGlobalSection
	GlobalSection(ProjectConfigurationPlatforms) = postSolution
		{27E61831-7FBF-4A1C-BBE4-372C1E3D04F0}.Debug|Any CPU.ActiveCfg = Debug|Any CPU
		{27E61831-7FBF-4A1C-BBE4-372C1E3D04F0}.Debug|Any CPU.Build.0 = Debug|Any CPU
		{27E61831-7FBF-4A1C-BBE4-372C1E3D04F0}.Release|Any CPU.ActiveCfg = Release|Any CPU
		{27E61831-7FBF-4A1C-BBE4-372C1E3D04F0}.Release|Any CPU.Build.0 = Release|Any CPU
		{B97EEE15-2F8C-453E-8DE4-04D4F3D51976}.Debug|Any CPU.ActiveCfg = Debug|Any CPU
		{B97EEE15-2F8C-453E-8DE4-04D4F3D51976}.Debug|Any CPU.Build.0 = Debug|Any CPU
		{B97EEE15-2F8C-453E-8DE4-04D4F3D51976}.Release|Any CPU.ActiveCfg = Release|Any CPU
		{B97EEE15-2F8C-453E-8DE4-04D4F3D51976}.Release|Any CPU.Build.0 = Release|Any CPU
		{52AF4463-D6E1-442A-8D50-CA4AD6B4BC88}.Debug|Any CPU.ActiveCfg = Debug|Any CPU
		{52AF4463-D6E1-442A-8D50-CA4AD6B4BC88}.Debug|Any CPU.Build.0 = Debug|Any CPU
		{52AF4463-D6E1-442A-8D50-CA4AD6B4BC88}.Release|Any CPU.ActiveCfg = Release|Any CPU
		{52AF4463-D6E1-442A-8D50-CA4AD6B4BC88}.Release|Any CPU.Build.0 = Release|Any CPU
		{BBE083D9-290F-433F-A582-43C99A61C8EF}.Debug|Any CPU.ActiveCfg = Debug|Any CPU
		{BBE083D9-290F-433F-A582-43C99A61C8EF}.Debug|Any CPU.Build.0 = Debug|Any CPU
		{BBE083D9-290F-433F-A582-43C99A61C8EF}.Release|Any CPU.ActiveCfg = Release|Any CPU
		{BBE083D9-290F-433F-A582-43C99A61C8EF}.Release|Any CPU.Build.0 = Release|Any CPU
		{7B4774CE-989A-4C25-84CA-B4C32C6A3D20}.Debug|Any CPU.ActiveCfg = Debug|Any CPU
		{7B4774CE-989A-4C25-84CA-B4C32C6A3D20}.Debug|Any CPU.Build.0 = Debug|Any CPU
		{7B4774CE-989A-4C25-84CA-B4C32C6A3D20}.Release|Any CPU.ActiveCfg = Release|Any CPU
		{7B4774CE-989A-4C25-84CA-B4C32C6A3D20}.Release|Any CPU.Build.0 = Release|Any CPU
		{29A0ADA8-EDB8-4F0D-95AF-3BA3B02A04A4}.Debug|Any CPU.ActiveCfg = Debug|Any CPU
		{29A0ADA8-EDB8-4F0D-95AF-3BA3B02A04A4}.Debug|Any CPU.Build.0 = Debug|Any CPU
		{29A0ADA8-EDB8-4F0D-95AF-3BA3B02A04A4}.Release|Any CPU.ActiveCfg = Release|Any CPU
		{29A0ADA8-EDB8-4F0D-95AF-3BA3B02A04A4}.Release|Any CPU.Build.0 = Release|Any CPU
		{73B4FA12-FF51-4235-AED5-3B01DA0D70E8}.Debug|Any CPU.ActiveCfg = Debug|Any CPU
		{73B4FA12-FF51-4235-AED5-3B01DA0D70E8}.Debug|Any CPU.Build.0 = Debug|Any CPU
		{73B4FA12-FF51-4235-AED5-3B01DA0D70E8}.Release|Any CPU.ActiveCfg = Release|Any CPU
		{73B4FA12-FF51-4235-AED5-3B01DA0D70E8}.Release|Any CPU.Build.0 = Release|Any CPU
		{C68ED9CD-9920-450D-A060-DB340E7566F0}.Debug|Any CPU.ActiveCfg = Debug|Any CPU
		{C68ED9CD-9920-450D-A060-DB340E7566F0}.Debug|Any CPU.Build.0 = Debug|Any CPU
		{C68ED9CD-9920-450D-A060-DB340E7566F0}.Release|Any CPU.ActiveCfg = Release|Any CPU
		{C68ED9CD-9920-450D-A060-DB340E7566F0}.Release|Any CPU.Build.0 = Release|Any CPU
		{6034F462-22C1-42E3-9E29-00C714891415}.Debug|Any CPU.ActiveCfg = Debug|Any CPU
		{6034F462-22C1-42E3-9E29-00C714891415}.Debug|Any CPU.Build.0 = Debug|Any CPU
		{6034F462-22C1-42E3-9E29-00C714891415}.Release|Any CPU.ActiveCfg = Release|Any CPU
		{6034F462-22C1-42E3-9E29-00C714891415}.Release|Any CPU.Build.0 = Release|Any CPU
		{273EC265-60BF-47BE-AB3B-A3B28A9747ED}.Debug|Any CPU.ActiveCfg = Debug|Any CPU
		{273EC265-60BF-47BE-AB3B-A3B28A9747ED}.Debug|Any CPU.Build.0 = Debug|Any CPU
		{273EC265-60BF-47BE-AB3B-A3B28A9747ED}.Release|Any CPU.ActiveCfg = Release|Any CPU
		{273EC265-60BF-47BE-AB3B-A3B28A9747ED}.Release|Any CPU.Build.0 = Release|Any CPU
		{0C482882-D0B3-4B40-97DA-197D5D30D56C}.Debug|Any CPU.ActiveCfg = Debug|Any CPU
		{0C482882-D0B3-4B40-97DA-197D5D30D56C}.Debug|Any CPU.Build.0 = Debug|Any CPU
		{0C482882-D0B3-4B40-97DA-197D5D30D56C}.Release|Any CPU.ActiveCfg = Release|Any CPU
		{0C482882-D0B3-4B40-97DA-197D5D30D56C}.Release|Any CPU.Build.0 = Release|Any CPU
	EndGlobalSection
	GlobalSection(SolutionProperties) = preSolution
		HideSolutionNode = FALSE
	EndGlobalSection
	GlobalSection(NestedProjects) = preSolution
		{B97EEE15-2F8C-453E-8DE4-04D4F3D51976} = {BCE04F47-175E-48CC-B456-EB691C7C487B}
		{52AF4463-D6E1-442A-8D50-CA4AD6B4BC88} = {ED91BF30-4353-4482-BD52-1C62FF12DB56}
		{BBE083D9-290F-433F-A582-43C99A61C8EF} = {ED91BF30-4353-4482-BD52-1C62FF12DB56}
		{7B4774CE-989A-4C25-84CA-B4C32C6A3D20} = {ED91BF30-4353-4482-BD52-1C62FF12DB56}
		{29A0ADA8-EDB8-4F0D-95AF-3BA3B02A04A4} = {ED91BF30-4353-4482-BD52-1C62FF12DB56}
		{73B4FA12-FF51-4235-AED5-3B01DA0D70E8} = {BCE04F47-175E-48CC-B456-EB691C7C487B}
		{C68ED9CD-9920-450D-A060-DB340E7566F0} = {BCE04F47-175E-48CC-B456-EB691C7C487B}
		{6034F462-22C1-42E3-9E29-00C714891415} = {BCE04F47-175E-48CC-B456-EB691C7C487B}
		{273EC265-60BF-47BE-AB3B-A3B28A9747ED} = {BCE04F47-175E-48CC-B456-EB691C7C487B}
		{0C482882-D0B3-4B40-97DA-197D5D30D56C} = {ED91BF30-4353-4482-BD52-1C62FF12DB56}
	EndGlobalSection
	GlobalSection(ExtensibilityGlobals) = postSolution
		SolutionGuid = {15CA1ED3-5D7C-4C18-BDAB-5F69A4AFD383}
	EndGlobalSection
EndGlobal
